{
  "nodes": {
    "flake-compat": {
      "flake": false,
      "locked": {
        "lastModified": 1767039857,
        "narHash": "sha256-vNpUSpF5Nuw8xvDLj2KCwwksIbjua2LZCqhV1LNRDns=",
        "owner": "edolstra",
        "repo": "flake-compat",
        "rev": "5edf11c44bc78a0d334f6334cdaf7d60d732daab",
        "type": "github"
      },
      "original": {
        "owner": "edolstra",
        "repo": "flake-compat",
        "type": "github"
      }
    },
    "kubenix": {
      "inputs": {
        "flake-compat": "flake-compat",
        "nixpkgs": [
          "nixpkgs"
        ],
        "systems": "systems",
        "treefmt": "treefmt"
      },
      "locked": {
        "lastModified": 1778924636,
        "narHash": "sha256-VP2XWSN2eBSAv6oij/z3pwLehivkZBX+OL7DgVmT2Ls=",
        "owner": "hall",
        "repo": "kubenix",
        "rev": "0849b2ddb0df03190517b914d73cdcb142dfc2f8",
        "type": "github"
      },
      "original": {
        "owner": "hall",
        "repo": "kubenix",
        "type": "github"
      }
    },
    "nixpkgs": {
      "locked": {
        "lastModified": 1777270315,
        "narHash": "sha256-yKB4G6cKsQsWN7M6rZGk6gkJPDNPIzT05y4qzRyCDlI=",
        "owner": "NixOS",
        "repo": "nixpkgs",
        "rev": "6368eda62c9775c38ef7f714b2555a741c20c72d",
        "type": "github"
      },
      "original": {
        "id": "nixpkgs",
        "rev": "6368eda62c9775c38ef7f714b2555a741c20c72d",
        "type": "indirect"
      }
    },
    "root": {
      "inputs": {
        "kubenix": "kubenix",
        "nixpkgs": "nixpkgs"
      }
    },
    "systems": {
      "locked": {
        "lastModified": 1681028828,
        "narHash": "sha256-Vy1rq5AaRuLzOxct8nz4T6wlgyUR7zLU309k9mBC768=",
        "owner": "nix-systems",
        "repo": "default",
        "rev": "da67096a3b9bf56a91d16901293e51ba5b49a27e",
        "type": "github"
      },
      "original": {
        "id": "systems",
        "type": "indirect"
      }
    },
    "treefmt": {
      "inputs": {
        "nixpkgs": [
          "kubenix",
          "nixpkgs"
        ]
      },
      "locked": {
        "lastModified": 1772660329,
        "narHash": "sha256-IjU1FxYqm+VDe5qIOxoW+pISBlGvVApRjiw/Y/ttJzY=",
        "owner": "numtide",
        "repo": "treefmt-nix",
        "rev": "3710e0e1218041bbad640352a0440114b1e10428",
        "type": "github"
      },
      "original": {
        "owner": "numtide",
        "repo": "treefmt-nix",
        "type": "github"
      }
    }
  },
  "root": "root",
  "version": 7
}
